
Microsoft Visual Studio Solution File, Format Version 12.00
# Visual Studio 14
VisualStudioVersion = 14.0.25420.1
MinimumVisualStudioVersion = 10.0.40219.1
Project("{FAE04EC0-301F-11D3-BF4B-00C04F79EFBC}") = "AndroidBackups.UI", "src\AndroidBackups.UI\AndroidBackups.UI.csproj", "{BD87477A-4565-43E8-8643-0ADED5424B36}"
EndProject
Project("{FAE04EC0-301F-11D3-BF4B-00C04F79EFBC}") = "PortableDevicesLib", "src\PortableDevicesLib\PortableDevicesLib.csproj", "{54A55C7D-0660-48C1-ADC3-C4CD1BD39B86}"
EndProject
Project("{FAE04EC0-301F-11D3-BF4B-00C04F79EFBC}") = "AndroidBackups.ConsoleApp", "src\AndroidBackups.ConsoleApp\AndroidBackups.ConsoleApp.csproj", "{A80B1648-FF29-460E-83EA-B233B91AA57A}"
EndProject
Global
	GlobalSection(SolutionConfigurationPlatforms) = preSolution
		Debug|Any CPU = Debug|Any CPU
		Debug|x86 = Debug|x86
		Release|Any CPU = Release|Any CPU
		Release|x86 = Release|x86
	EndGlobalSection
	GlobalSection(ProjectConfigurationPlatforms) = postSolution
		{BD87477A-4565-43E8-8643-0ADED5424B36}.Debug|Any CPU.ActiveCfg = Debug|Any CPU
		{BD87477A-4565-43E8-8643-0ADED5424B36}.Debug|Any CPU.Build.0 = Debug|Any CPU
		{BD87477A-4565-43E8-8643-0ADED5424B36}.Debug|x86.ActiveCfg = Debug|Any CPU
		{BD87477A-4565-43E8-8643-0ADED5424B36}.Debug|x86.Build.0 = Debug|Any CPU
		{BD87477A-4565-43E8-8643-0ADED5424B36}.Release|Any CPU.ActiveCfg = Release|Any CPU
		{BD87477A-4565-43E8-8643-0ADED5424B36}.Release|Any CPU.Build.0 = Release|Any CPU
		{BD87477A-4565-43E8-8643-0ADED5424B36}.Release|x86.ActiveCfg = Release|Any CPU
		{BD87477A-4565-43E8-8643-0ADED5424B36}.Release|x86.Build.0 = Release|Any CPU
		{54A55C7D-0660-48C1-ADC3-C4CD1BD39B86}.Debug|Any CPU.ActiveCfg = Debug|x86
		{54A55C7D-0660-48C1-ADC3-C4CD1BD39B86}.Debug|Any CPU.Build.0 = Debug|x86
		{54A55C7D-0660-48C1-ADC3-C4CD1BD39B86}.Debug|x86.ActiveCfg = Debug|x86
		{54A55C7D-0660-48C1-ADC3-C4CD1BD39B86}.Debug|x86.Build.0 = Debug|x86
		{54A55C7D-0660-48C1-ADC3-C4CD1BD39B86}.Release|Any CPU.ActiveCfg = Release|x86
		{54A55C7D-0660-48C1-ADC3-C4CD1BD39B86}.Release|x86.ActiveCfg = Release|x86
		{54A55C7D-0660-48C1-ADC3-C4CD1BD39B86}.Release|x86.Build.0 = Release|x86
		{A80B1648-FF29-460E-83EA-B233B91AA57A}.Debug|Any CPU.ActiveCfg = Debug|Any CPU
		{A80B1648-FF29-460E-83EA-B233B91AA57A}.Debug|Any CPU.Build.0 = Debug|Any CPU
		{A80B1648-FF29-460E-83EA-B233B91AA57A}.Debug|x86.ActiveCfg = Debug|Any CPU
		{A80B1648-FF29-460E-83EA-B233B91AA57A}.Debug|x86.Build.0 = Debug|Any CPU
		{A80B1648-FF29-460E-83EA-B233B91AA57A}.Release|Any CPU.ActiveCfg = Release|Any CPU
		{A80B1648-FF29-460E-83EA-B233B91AA57A}.Release|Any CPU.Build.0 = Release|Any CPU
		{A80B1648-FF29-460E-83EA-B233B91AA57A}.Release|x86.ActiveCfg = Release|Any CPU
		{A80B1648-FF29-460E-83EA-B233B91AA57A}.Release|x86.Build.0 = Release|Any CPU
	EndGlobalSection
	GlobalSection(SolutionProperties) = preSolution
		HideSolutionNode = FALSE
	EndGlobalSection
EndGlobal
