
Microsoft Visual Studio Solution File, Format Version 12.00
# Visual Studio 14
VisualStudioVersion = 14.0.25420.1
MinimumVisualStudioVersion = 10.0.40219.1
Project("{FAE04EC0-301F-11D3-BF4B-00C04F79EFBC}") = "AndroidBackups.UI", "AndroidBackups.UI\AndroidBackups.UI.csproj", "{BD87477A-4565-43E8-8643-0ADED5424B36}"
EndProject
Project("{FAE04EC0-301F-11D3-BF4B-00C04F79EFBC}") = "PortableDevicesLib", "PortableDevicesLib\PortableDevicesLib.csproj", "{7C07331D-5E7D-45B0-BE40-510535606FFA}"
EndProject
Project("{FAE04EC0-301F-11D3-BF4B-00C04F79EFBC}") = "AndroidBackups.ConsoleApp", "AndroidBackups.ConsoleApp\AndroidBackups.ConsoleApp.csproj", "{063CCDBD-69A0-485D-A363-03D9DC0D4445}"
EndProject
Global
	GlobalSection(SolutionConfigurationPlatforms) = preSolution
		Debug|Any CPU = Debug|Any CPU
		Debug|x86 = Debug|x86
		Release|Any CPU = Release|Any CPU
		Release|x86 = Release|x86
	EndGlobalSection
	GlobalSection(ProjectConfigurationPlatforms) = postSolution
		{BD87477A-4565-43E8-8643-0ADED5424B36}.Debug|Any CPU.ActiveCfg = Debug|Any CPU
		{BD87477A-4565-43E8-8643-0ADED5424B36}.Debug|Any CPU.Build.0 = Debug|Any CPU
		{BD87477A-4565-43E8-8643-0ADED5424B36}.Debug|x86.ActiveCfg = Debug|Any CPU
		{BD87477A-4565-43E8-8643-0ADED5424B36}.Debug|x86.Build.0 = Debug|Any CPU
		{BD87477A-4565-43E8-8643-0ADED5424B36}.Release|Any CPU.ActiveCfg = Release|Any CPU
		{BD87477A-4565-43E8-8643-0ADED5424B36}.Release|Any CPU.Build.0 = Release|Any CPU
		{BD87477A-4565-43E8-8643-0ADED5424B36}.Release|x86.ActiveCfg = Release|Any CPU
		{BD87477A-4565-43E8-8643-0ADED5424B36}.Release|x86.Build.0 = Release|Any CPU
		{7C07331D-5E7D-45B0-BE40-510535606FFA}.Debug|Any CPU.ActiveCfg = Debug|x86
		{7C07331D-5E7D-45B0-BE40-510535606FFA}.Debug|Any CPU.Build.0 = Debug|x86
		{7C07331D-5E7D-45B0-BE40-510535606FFA}.Debug|x86.ActiveCfg = Debug|x86
		{7C07331D-5E7D-45B0-BE40-510535606FFA}.Debug|x86.Build.0 = Debug|x86
		{7C07331D-5E7D-45B0-BE40-510535606FFA}.Release|Any CPU.ActiveCfg = Release|x86
		{7C07331D-5E7D-45B0-BE40-510535606FFA}.Release|x86.ActiveCfg = Release|x86
		{7C07331D-5E7D-45B0-BE40-510535606FFA}.Release|x86.Build.0 = Release|x86
		{063CCDBD-69A0-485D-A363-03D9DC0D4445}.Debug|Any CPU.ActiveCfg = Debug|Any CPU
		{063CCDBD-69A0-485D-A363-03D9DC0D4445}.Debug|Any CPU.Build.0 = Debug|Any CPU
		{063CCDBD-69A0-485D-A363-03D9DC0D4445}.Debug|x86.ActiveCfg = Debug|Any CPU
		{063CCDBD-69A0-485D-A363-03D9DC0D4445}.Debug|x86.Build.0 = Debug|Any CPU
		{063CCDBD-69A0-485D-A363-03D9DC0D4445}.Release|Any CPU.ActiveCfg = Release|Any CPU
		{063CCDBD-69A0-485D-A363-03D9DC0D4445}.Release|Any CPU.Build.0 = Release|Any CPU
		{063CCDBD-69A0-485D-A363-03D9DC0D4445}.Release|x86.ActiveCfg = Release|Any CPU
		{063CCDBD-69A0-485D-A363-03D9DC0D4445}.Release|x86.Build.0 = Release|Any CPU
	EndGlobalSection
	GlobalSection(SolutionProperties) = preSolution
		HideSolutionNode = FALSE
	EndGlobalSection
EndGlobal
